
Microsoft Visual Studio Solution File, Format Version 12.00
# Visual Studio Version 16
VisualStudioVersion = 16.0.30503.244
MinimumVisualStudioVersion = 10.0.40219.1
Project("{FAE04EC0-301F-11D3-BF4B-00C04F79EFBC}") = "CHO.Json", "CHO.Json\CHO.Json.csproj", "{DDDE4792-87E9-48E8-A70C-91618F92F52D}"
EndProject
Project("{FAE04EC0-301F-11D3-BF4B-00C04F79EFBC}") = "CHO.Json_TestConsole", "CHO.Json_TestConsole\CHO.Json_TestConsole.csproj", "{1470525F-7AD8-43AF-9A27-BA9FEDCBD047}"
EndProject
Project("{FAE04EC0-301F-11D3-BF4B-00C04F79EFBC}") = "CHO.Json.Legacy", "CHO.Json.Legacy\CHO.Json.Legacy.csproj", "{529FB59E-F874-473D-9014-5523F850089F}"
EndProject
Global
	GlobalSection(SolutionConfigurationPlatforms) = preSolution
		Debug|Any CPU = Debug|Any CPU
		Release|Any CPU = Release|Any CPU
	EndGlobalSection
	GlobalSection(ProjectConfigurationPlatforms) = postSolution
		{DDDE4792-87E9-48E8-A70C-91618F92F52D}.Debug|Any CPU.ActiveCfg = Debug|Any CPU
		{DDDE4792-87E9-48E8-A70C-91618F92F52D}.Debug|Any CPU.Build.0 = Debug|Any CPU
		{DDDE4792-87E9-48E8-A70C-91618F92F52D}.Release|Any CPU.ActiveCfg = Release|Any CPU
		{DDDE4792-87E9-48E8-A70C-91618F92F52D}.Release|Any CPU.Build.0 = Release|Any CPU
		{1470525F-7AD8-43AF-9A27-BA9FEDCBD047}.Debug|Any CPU.ActiveCfg = Debug|Any CPU
		{1470525F-7AD8-43AF-9A27-BA9FEDCBD047}.Debug|Any CPU.Build.0 = Debug|Any CPU
		{1470525F-7AD8-43AF-9A27-BA9FEDCBD047}.Release|Any CPU.ActiveCfg = Release|Any CPU
		{1470525F-7AD8-43AF-9A27-BA9FEDCBD047}.Release|Any CPU.Build.0 = Release|Any CPU
		{529FB59E-F874-473D-9014-5523F850089F}.Debug|Any CPU.ActiveCfg = Debug|Any CPU
		{529FB59E-F874-473D-9014-5523F850089F}.Debug|Any CPU.Build.0 = Debug|Any CPU
		{529FB59E-F874-473D-9014-5523F850089F}.Release|Any CPU.ActiveCfg = Release|Any CPU
		{529FB59E-F874-473D-9014-5523F850089F}.Release|Any CPU.Build.0 = Release|Any CPU
	EndGlobalSection
	GlobalSection(SolutionProperties) = preSolution
		HideSolutionNode = FALSE
	EndGlobalSection
	GlobalSection(ExtensibilityGlobals) = postSolution
		SolutionGuid = {D6E972AA-4709-4549-B4A4-5F502C7AE9D4}
	EndGlobalSection
EndGlobal
