
Microsoft Visual Studio Solution File, Format Version 12.00
# Visual Studio Version 17
VisualStudioVersion = 17.2.32210.308
MinimumVisualStudioVersion = 10.0.40219.1
Project("{FAE04EC0-301F-11D3-BF4B-00C04F79EFBC}") = "EleCho.JsonTestConsole", "EleCho.Json_TestConsole\EleCho.JsonTestConsole.csproj", "{1470525F-7AD8-43AF-9A27-BA9FEDCBD047}"
EndProject
Project("{FAE04EC0-301F-11D3-BF4B-00C04F79EFBC}") = "EleCho.Json.Legacy", "EleCho.Json.Legacy\EleCho.Json.Legacy.csproj", "{529FB59E-F874-473D-9014-5523F850089F}"
EndProject
Project("{FAE04EC0-301F-11D3-BF4B-00C04F79EFBC}") = "EleCho.Json", "EleCho.Json\EleCho.Json.csproj", "{3917E27D-903B-4D90-B40B-6D620364D6EB}"
EndProject
Global
	GlobalSection(SolutionConfigurationPlatforms) = preSolution
		Debug|Any CPU = Debug|Any CPU
		Release|Any CPU = Release|Any CPU
	EndGlobalSection
	GlobalSection(ProjectConfigurationPlatforms) = postSolution
		{1470525F-7AD8-43AF-9A27-BA9FEDCBD047}.Debug|Any CPU.ActiveCfg = Debug|Any CPU
		{1470525F-7AD8-43AF-9A27-BA9FEDCBD047}.Debug|Any CPU.Build.0 = Debug|Any CPU
		{1470525F-7AD8-43AF-9A27-BA9FEDCBD047}.Release|Any CPU.ActiveCfg = Release|Any CPU
		{1470525F-7AD8-43AF-9A27-BA9FEDCBD047}.Release|Any CPU.Build.0 = Release|Any CPU
		{529FB59E-F874-473D-9014-5523F850089F}.Debug|Any CPU.ActiveCfg = Debug|Any CPU
		{529FB59E-F874-473D-9014-5523F850089F}.Debug|Any CPU.Build.0 = Debug|Any CPU
		{529FB59E-F874-473D-9014-5523F850089F}.Release|Any CPU.ActiveCfg = Release|Any CPU
		{529FB59E-F874-473D-9014-5523F850089F}.Release|Any CPU.Build.0 = Release|Any CPU
		{3917E27D-903B-4D90-B40B-6D620364D6EB}.Debug|Any CPU.ActiveCfg = Debug|Any CPU
		{3917E27D-903B-4D90-B40B-6D620364D6EB}.Debug|Any CPU.Build.0 = Debug|Any CPU
		{3917E27D-903B-4D90-B40B-6D620364D6EB}.Release|Any CPU.ActiveCfg = Release|Any CPU
		{3917E27D-903B-4D90-B40B-6D620364D6EB}.Release|Any CPU.Build.0 = Release|Any CPU
	EndGlobalSection
	GlobalSection(SolutionProperties) = preSolution
		HideSolutionNode = FALSE
	EndGlobalSection
	GlobalSection(ExtensibilityGlobals) = postSolution
		SolutionGuid = {D6E972AA-4709-4549-B4A4-5F502C7AE9D4}
	EndGlobalSection
EndGlobal
